{
  "name": "isotropy-ast-analyzer-webservices",
  "version": "0.0.3",
  "lockfileVersion": 1,
  "requires": true,
  "dependencies": {
    "chimpanzee": {
      "version": "0.0.50",
      "resolved": "https://registry.npmjs.org/chimpanzee/-/chimpanzee-0.0.50.tgz",
      "integrity": "sha512-AKZOZL5xo6FeiJPTT9nikNcyWhnkNI0UOKTM/ffTap/4BpI0GpqC7HrVDmCLEsrkbOHESAWBnNrf1Sm/mFm5fA==",
      "requires": {
        "lazily": "0.0.17"
      },
      "dependencies": {
        "lazily": {
          "version": "0.0.17",
          "resolved": "https://registry.npmjs.org/lazily/-/lazily-0.0.17.tgz",
          "integrity": "sha1-ueqVzZO5khCAF9S6Wg4bc+HvQ+I="
        }
      }
    }
  }
}
